
Microsoft Visual Studio Solution File, Format Version 12.00
# Visual Studio Version 17
VisualStudioVersion = 17.7.34202.233
MinimumVisualStudioVersion = 10.0.40219.1
Project("{FAE04EC0-301F-11D3-BF4B-00C04F79EFBC}") = "BikeRental", "BikeRental.csproj", "{6B37B272-ABA0-48D4-B87F-80F043F8C1DC}"
EndProject
Global
	GlobalSection(SolutionConfigurationPlatforms) = preSolution
		Debug|Any CPU = Debug|Any CPU
		Release|Any CPU = Release|Any CPU
	EndGlobalSection
	GlobalSection(ProjectConfigurationPlatforms) = postSolution
		{6B37B272-ABA0-48D4-B87F-80F043F8C1DC}.Debug|Any CPU.ActiveCfg = Debug|Any CPU
		{6B37B272-ABA0-48D4-B87F-80F043F8C1DC}.Debug|Any CPU.Build.0 = Debug|Any CPU
		{6B37B272-ABA0-48D4-B87F-80F043F8C1DC}.Release|Any CPU.ActiveCfg = Release|Any CPU
		{6B37B272-ABA0-48D4-B87F-80F043F8C1DC}.Release|Any CPU.Build.0 = Release|Any CPU
	EndGlobalSection
	GlobalSection(SolutionProperties) = preSolution
		HideSolutionNode = FALSE
	EndGlobalSection
	GlobalSection(ExtensibilityGlobals) = postSolution
		SolutionGuid = {F61C4C9A-30E5-48BA-9283-DD10EEAB4201}
	EndGlobalSection
EndGlobal
